
Microsoft Visual Studio Solution File, Format Version 12.00
# Visual Studio Version 17
VisualStudioVersion = 17.9.34728.123
MinimumVisualStudioVersion = 10.0.40219.1
Project("{FAE04EC0-301F-11D3-BF4B-00C04F79EFBC}") = "chocolateEggDivider", "chocolateEggDivider\chocolateEggDivider.csproj", "{0838814A-1A89-437D-97E5-16D62969E698}"
EndProject
Global
	GlobalSection(SolutionConfigurationPlatforms) = preSolution
		Debug|Any CPU = Debug|Any CPU
		Release|Any CPU = Release|Any CPU
	EndGlobalSection
	GlobalSection(ProjectConfigurationPlatforms) = postSolution
		{0838814A-1A89-437D-97E5-16D62969E698}.Debug|Any CPU.ActiveCfg = Debug|Any CPU
		{0838814A-1A89-437D-97E5-16D62969E698}.Debug|Any CPU.Build.0 = Debug|Any CPU
		{0838814A-1A89-437D-97E5-16D62969E698}.Release|Any CPU.ActiveCfg = Release|Any CPU
		{0838814A-1A89-437D-97E5-16D62969E698}.Release|Any CPU.Build.0 = Release|Any CPU
	EndGlobalSection
	GlobalSection(SolutionProperties) = preSolution
		HideSolutionNode = FALSE
	EndGlobalSection
	GlobalSection(ExtensibilityGlobals) = postSolution
		SolutionGuid = {AE1FD08F-4A4B-474B-969A-56705FE39106}
	EndGlobalSection
EndGlobal
