
Microsoft Visual Studio Solution File, Format Version 12.00
# Visual Studio Version 17
VisualStudioVersion = 17.9.34728.123
MinimumVisualStudioVersion = 10.0.40219.1
Project("{9A19103F-16F7-4668-BE54-9A1E7A4F7556}") = "theWatchTower", "theWatchTower\theWatchTower.csproj", "{D3DEF91A-2A03-4F8A-9214-CCC5A8CFA6CE}"
EndProject
Global
	GlobalSection(SolutionConfigurationPlatforms) = preSolution
		Debug|Any CPU = Debug|Any CPU
		Release|Any CPU = Release|Any CPU
	EndGlobalSection
	GlobalSection(ProjectConfigurationPlatforms) = postSolution
		{D3DEF91A-2A03-4F8A-9214-CCC5A8CFA6CE}.Debug|Any CPU.ActiveCfg = Debug|Any CPU
		{D3DEF91A-2A03-4F8A-9214-CCC5A8CFA6CE}.Debug|Any CPU.Build.0 = Debug|Any CPU
		{D3DEF91A-2A03-4F8A-9214-CCC5A8CFA6CE}.Release|Any CPU.ActiveCfg = Release|Any CPU
		{D3DEF91A-2A03-4F8A-9214-CCC5A8CFA6CE}.Release|Any CPU.Build.0 = Release|Any CPU
	EndGlobalSection
	GlobalSection(SolutionProperties) = preSolution
		HideSolutionNode = FALSE
	EndGlobalSection
	GlobalSection(ExtensibilityGlobals) = postSolution
		SolutionGuid = {F6F28FE6-8E19-4523-B6E1-2668C5BDEEB1}
	EndGlobalSection
EndGlobal
